
Microsoft Visual Studio Solution File, Format Version 12.00
# Visual Studio 2013
VisualStudioVersion = 12.0.31101.0
MinimumVisualStudioVersion = 10.0.40219.1
Project("{FAE04EC0-301F-11D3-BF4B-00C04F79EFBC}") = "Lizards", "Lizards\Lizards.csproj", "{FA562A00-94E6-452E-99C6-B725909CBFB6}"
EndProject
Project("{FAE04EC0-301F-11D3-BF4B-00C04F79EFBC}") = "LizardsConsole", "LizardsConsole\LizardsConsole.csproj", "{9D5768DD-22BD-44B9-9E78-81B94AACAE59}"
EndProject
Project("{FAE04EC0-301F-11D3-BF4B-00C04F79EFBC}") = "LizardsGUI", "LizardsGUI\LizardsGUI.csproj", "{3B30D665-06C3-4C8A-8A21-47970571D0A9}"
EndProject
Project("{FAE04EC0-301F-11D3-BF4B-00C04F79EFBC}") = "LineGraph", "..\Line Graph\LineGraph\LineGraph.csproj", "{D81E76DB-774A-488A-81FE-CBB4EC707945}"
EndProject
Global
	GlobalSection(SolutionConfigurationPlatforms) = preSolution
		Debug|Any CPU = Debug|Any CPU
		Debug|Mixed Platforms = Debug|Mixed Platforms
		Debug|x86 = Debug|x86
		Release|Any CPU = Release|Any CPU
		Release|Mixed Platforms = Release|Mixed Platforms
		Release|x86 = Release|x86
	EndGlobalSection
	GlobalSection(ProjectConfigurationPlatforms) = postSolution
		{FA562A00-94E6-452E-99C6-B725909CBFB6}.Debug|Any CPU.ActiveCfg = Debug|Any CPU
		{FA562A00-94E6-452E-99C6-B725909CBFB6}.Debug|Any CPU.Build.0 = Debug|Any CPU
		{FA562A00-94E6-452E-99C6-B725909CBFB6}.Debug|Mixed Platforms.ActiveCfg = Debug|Any CPU
		{FA562A00-94E6-452E-99C6-B725909CBFB6}.Debug|Mixed Platforms.Build.0 = Debug|Any CPU
		{FA562A00-94E6-452E-99C6-B725909CBFB6}.Debug|x86.ActiveCfg = Debug|Any CPU
		{FA562A00-94E6-452E-99C6-B725909CBFB6}.Release|Any CPU.ActiveCfg = Release|Any CPU
		{FA562A00-94E6-452E-99C6-B725909CBFB6}.Release|Any CPU.Build.0 = Release|Any CPU
		{FA562A00-94E6-452E-99C6-B725909CBFB6}.Release|Mixed Platforms.ActiveCfg = Release|Any CPU
		{FA562A00-94E6-452E-99C6-B725909CBFB6}.Release|Mixed Platforms.Build.0 = Release|Any CPU
		{FA562A00-94E6-452E-99C6-B725909CBFB6}.Release|x86.ActiveCfg = Release|Any CPU
		{9D5768DD-22BD-44B9-9E78-81B94AACAE59}.Debug|Any CPU.ActiveCfg = Debug|x86
		{9D5768DD-22BD-44B9-9E78-81B94AACAE59}.Debug|Mixed Platforms.ActiveCfg = Debug|x86
		{9D5768DD-22BD-44B9-9E78-81B94AACAE59}.Debug|Mixed Platforms.Build.0 = Debug|x86
		{9D5768DD-22BD-44B9-9E78-81B94AACAE59}.Debug|x86.ActiveCfg = Debug|x86
		{9D5768DD-22BD-44B9-9E78-81B94AACAE59}.Debug|x86.Build.0 = Debug|x86
		{9D5768DD-22BD-44B9-9E78-81B94AACAE59}.Release|Any CPU.ActiveCfg = Release|x86
		{9D5768DD-22BD-44B9-9E78-81B94AACAE59}.Release|Mixed Platforms.ActiveCfg = Release|x86
		{9D5768DD-22BD-44B9-9E78-81B94AACAE59}.Release|Mixed Platforms.Build.0 = Release|x86
		{9D5768DD-22BD-44B9-9E78-81B94AACAE59}.Release|x86.ActiveCfg = Release|x86
		{9D5768DD-22BD-44B9-9E78-81B94AACAE59}.Release|x86.Build.0 = Release|x86
		{3B30D665-06C3-4C8A-8A21-47970571D0A9}.Debug|Any CPU.ActiveCfg = Debug|x86
		{3B30D665-06C3-4C8A-8A21-47970571D0A9}.Debug|Mixed Platforms.ActiveCfg = Debug|x86
		{3B30D665-06C3-4C8A-8A21-47970571D0A9}.Debug|Mixed Platforms.Build.0 = Debug|x86
		{3B30D665-06C3-4C8A-8A21-47970571D0A9}.Debug|x86.ActiveCfg = Debug|x86
		{3B30D665-06C3-4C8A-8A21-47970571D0A9}.Debug|x86.Build.0 = Debug|x86
		{3B30D665-06C3-4C8A-8A21-47970571D0A9}.Release|Any CPU.ActiveCfg = Release|x86
		{3B30D665-06C3-4C8A-8A21-47970571D0A9}.Release|Mixed Platforms.ActiveCfg = Release|x86
		{3B30D665-06C3-4C8A-8A21-47970571D0A9}.Release|Mixed Platforms.Build.0 = Release|x86
		{3B30D665-06C3-4C8A-8A21-47970571D0A9}.Release|x86.ActiveCfg = Release|x86
		{3B30D665-06C3-4C8A-8A21-47970571D0A9}.Release|x86.Build.0 = Release|x86
		{D81E76DB-774A-488A-81FE-CBB4EC707945}.Debug|Any CPU.ActiveCfg = Debug|Any CPU
		{D81E76DB-774A-488A-81FE-CBB4EC707945}.Debug|Any CPU.Build.0 = Debug|Any CPU
		{D81E76DB-774A-488A-81FE-CBB4EC707945}.Debug|Mixed Platforms.ActiveCfg = Debug|Any CPU
		{D81E76DB-774A-488A-81FE-CBB4EC707945}.Debug|Mixed Platforms.Build.0 = Debug|Any CPU
		{D81E76DB-774A-488A-81FE-CBB4EC707945}.Debug|x86.ActiveCfg = Debug|Any CPU
		{D81E76DB-774A-488A-81FE-CBB4EC707945}.Release|Any CPU.ActiveCfg = Release|Any CPU
		{D81E76DB-774A-488A-81FE-CBB4EC707945}.Release|Any CPU.Build.0 = Release|Any CPU
		{D81E76DB-774A-488A-81FE-CBB4EC707945}.Release|Mixed Platforms.ActiveCfg = Release|Any CPU
		{D81E76DB-774A-488A-81FE-CBB4EC707945}.Release|Mixed Platforms.Build.0 = Release|Any CPU
		{D81E76DB-774A-488A-81FE-CBB4EC707945}.Release|x86.ActiveCfg = Release|Any CPU
	EndGlobalSection
	GlobalSection(SolutionProperties) = preSolution
		HideSolutionNode = FALSE
	EndGlobalSection
EndGlobal
